// !$*UTF8*$!
{
	archiveVersion = 1;
	classes = {
	};
	objectVersion = 56;
	objects = {

/* Begin PBXBuildFile section */
		B0D6EB0B29152C2600432CB4 /* Denon_VolumeApp.swift in Sources */ = {isa = PBXBuildFile; fileRef = B0D6EB0A29152C2600432CB4 /* Denon_VolumeApp.swift */; };
		B0D6EB0D29152C2600432CB4 /* ContentView.swift in Sources */ = {isa = PBXBuildFile; fileRef = B0D6EB0C29152C2600432CB4 /* ContentView.swift */; };
		B0D6EB0F29152C2600432CB4 /* Assets.xcassets in Resources */ = {isa = PBXBuildFile; fileRef = B0D6EB0E29152C2600432CB4 /* Assets.xcassets */; };
		B0D6EB1229152C2600432CB4 /* Preview Assets.xcassets in Resources */ = {isa = PBXBuildFile; fileRef = B0D6EB1129152C2600432CB4 /* Preview Assets.xcassets */; };
		B0D6EB1A2915332900432CB4 /* Model.swift in Sources */ = {isa = PBXBuildFile; fileRef = B0D6EB192915332900432CB4 /* Model.swift */; };
/* End PBXBuildFile section */

/* Begin PBXFileReference section */
		B0D6EB0729152C2600432CB4 /* Denon Volume.app */ = {isa = PBXFileReference; explicitFileType = wrapper.application; includeInIndex = 0; path = "Denon Volume.app"; sourceTree = BUILT_PRODUCTS_DIR; };
		B0D6EB0A29152C2600432CB4 /* Denon_VolumeApp.swift */ = {isa = PBXFileReference; lastKnownFileType = sourcecode.swift; path = Denon_VolumeApp.swift; sourceTree = "<group>"; };
		B0D6EB0C29152C2600432CB4 /* ContentView.swift */ = {isa = PBXFileReference; lastKnownFileType = sourcecode.swift; path = ContentView.swift; sourceTree = "<group>"; };
		B0D6EB0E29152C2600432CB4 /* Assets.xcassets */ = {isa = PBXFileReference; lastKnownFileType = folder.assetcatalog; path = Assets.xcassets; sourceTree = "<group>"; };
		B0D6EB1129152C2600432CB4 /* Preview Assets.xcassets */ = {isa = PBXFileReference; lastKnownFileType = folder.assetcatalog; path = "Preview Assets.xcassets"; sourceTree = "<group>"; };
		B0D6EB1329152C2600432CB4 /* Denon_Volume.entitlements */ = {isa = PBXFileReference; lastKnownFileType = text.plist.entitlements; path = Denon_Volume.entitlements; sourceTree = "<group>"; };
		B0D6EB192915332900432CB4 /* Model.swift */ = {isa = PBXFileReference; lastKnownFileType = sourcecode.swift; path = Model.swift; sourceTree = "<group>"; };
/* End PBXFileReference section */

/* Begin PBXFrameworksBuildPhase section */
		B0D6EB0429152C2600432CB4 /* Frameworks */ = {
			isa = PBXFrameworksBuildPhase;
			buildActionMask = 2147483647;
			files = (
			);
			runOnlyForDeploymentPostprocessing = 0;
		};
/* End PBXFrameworksBuildPhase section */

/* Begin PBXGroup section */
		B0D6EAFE29152C2600432CB4 = {
			isa = PBXGroup;
			children = (
				B0D6EB0929152C2600432CB4 /* Denon Volume */,
				B0D6EB0829152C2600432CB4 /* Products */,
			);
			sourceTree = "<group>";
		};
		B0D6EB0829152C2600432CB4 /* Products */ = {
			isa = PBXGroup;
			children = (
				B0D6EB0729152C2600432CB4 /* Denon Volume.app */,
			);
			name = Products;
			sourceTree = "<group>";
		};
		B0D6EB0929152C2600432CB4 /* Denon Volume */ = {
			isa = PBXGroup;
			children = (
				B0D6EB0A29152C2600432CB4 /* Denon_VolumeApp.swift */,
				B0D6EB0C29152C2600432CB4 /* ContentView.swift */,
				B0D6EB192915332900432CB4 /* Model.swift */,
				B0D6EB0E29152C2600432CB4 /* Assets.xcassets */,
				B0D6EB1329152C2600432CB4 /* Denon_Volume.entitlements */,
				B0D6EB1029152C2600432CB4 /* Preview Content */,
			);
			path = "Denon Volume";
			sourceTree = "<group>";
		};
		B0D6EB1029152C2600432CB4 /* Preview Content */ = {
			isa = PBXGroup;
			children = (
				B0D6EB1129152C2600432CB4 /* Preview Assets.xcassets */,
			);
			path = "Preview Content";
			sourceTree = "<group>";
		};
/* End PBXGroup section */

/* Begin PBXNativeTarget section */
		B0D6EB0629152C2600432CB4 /* Denon Volume */ = {
			isa = PBXNativeTarget;
			buildConfigurationList = B0D6EB1629152C2600432CB4 /* Build configuration list for PBXNativeTarget "Denon Volume" */;
			buildPhases = (
				B0D6EB0329152C2600432CB4 /* Sources */,
				B0D6EB0429152C2600432CB4 /* Frameworks */,
				B0D6EB0529152C2600432CB4 /* Resources */,
			);
			buildRules = (
			);
			dependencies = (
			);
			name = "Denon Volume";
			productName = "Denon Volume";
			productReference = B0D6EB0729152C2600432CB4 /* Denon Volume.app */;
			productType = "com.apple.product-type.application";
		};
/* End PBXNativeTarget section */

/* Begin PBXProject section */
		B0D6EAFF29152C2600432CB4 /* Project object */ = {
			isa = PBXProject;
			attributes = {
				BuildIndependentTargetsInParallel = 1;
				LastSwiftUpdateCheck = 1410;
				LastUpgradeCheck = 1410;
				TargetAttributes = {
					B0D6EB0629152C2600432CB4 = {
						CreatedOnToolsVersion = 14.1;
					};
				};
			};
			buildConfigurationList = B0D6EB0229152C2600432CB4 /* Build configuration list for PBXProject "Denon Volume" */;
			compatibilityVersion = "Xcode 14.0";
			developmentRegion = en;
			hasScannedForEncodings = 0;
			knownRegions = (
				en,
				Base,
			);
			mainGroup = B0D6EAFE29152C2600432CB4;
			productRefGroup = B0D6EB0829152C2600432CB4 /* Products */;
			projectDirPath = "";
			projectRoot = "";
			targets = (
				B0D6EB0629152C2600432CB4 /* Denon Volume */,
			);
		};
/* End PBXProject section */

/* Begin PBXResourcesBuildPhase section */
		B0D6EB0529152C2600432CB4 /* Resources */ = {
			isa = PBXResourcesBuildPhase;
			buildActionMask = 2147483647;
			files = (
				B0D6EB1229152C2600432CB4 /* Preview Assets.xcassets in Resources */,
				B0D6EB0F29152C2600432CB4 /* Assets.xcassets in Resources */,
			);
			runOnlyForDeploymentPostprocessing = 0;
		};
/* End PBXResourcesBuildPhase section */

/* Begin PBXSourcesBuildPhase section */
		B0D6EB0329152C2600432CB4 /* Sources */ = {
			isa = PBXSourcesBuildPhase;
			buildActionMask = 2147483647;
			files = (
				B0D6EB1A2915332900432CB4 /* Model.swift in Sources */,
				B0D6EB0D29152C2600432CB4 /* ContentView.swift in Sources */,
				B0D6EB0B29152C2600432CB4 /* Denon_VolumeApp.swift in Sources */,
			);
			runOnlyForDeploymentPostprocessing = 0;
		};
/* End PBXSourcesBuildPhase section */

/* Begin XCBuildConfiguration section */
		B0D6EB1429152C2600432CB4 /* Debug */ = {
			isa = XCBuildConfiguration;
			buildSettings = {
				ALWAYS_SEARCH_USER_PATHS = NO;
				CLANG_ANALYZER_NONNULL = YES;
				CLANG_ANALYZER_NUMBER_OBJECT_CONVERSION = YES_AGGRESSIVE;
				CLANG_CXX_LANGUAGE_STANDARD = "gnu++20";
				CLANG_ENABLE_MODULES = YES;
				CLANG_ENABLE_OBJC_ARC = YES;
				CLANG_ENABLE_OBJC_WEAK = YES;
				CLANG_WARN_BLOCK_CAPTURE_AUTORELEASING = YES;
				CLANG_WARN_BOOL_CONVERSION = YES;
				CLANG_WARN_COMMA = YES;
				CLANG_WARN_CONSTANT_CONVERSION = YES;
				CLANG_WARN_DEPRECATED_OBJC_IMPLEMENTATIONS = YES;
				CLANG_WARN_DIRECT_OBJC_ISA_USAGE = YES_ERROR;
				CLANG_WARN_DOCUMENTATION_COMMENTS = YES;
				CLANG_WARN_EMPTY_BODY = YES;
				CLANG_WARN_ENUM_CONVERSION = YES;
				CLANG_WARN_INFINITE_RECURSION = YES;
				CLANG_WARN_INT_CONVERSION = YES;
				CLANG_WARN_NON_LITERAL_NULL_CONVERSION = YES;
				CLANG_WARN_OBJC_IMPLICIT_RETAIN_SELF = YES;
				CLANG_WARN_OBJC_LITERAL_CONVERSION = YES;
				CLANG_WARN_OBJC_ROOT_CLASS = YES_ERROR;
				CLANG_WARN_QUOTED_INCLUDE_IN_FRAMEWORK_HEADER = YES;
				CLANG_WARN_RANGE_LOOP_ANALYSIS = YES;
				CLANG_WARN_STRICT_PROTOTYPES = YES;
				CLANG_WARN_SUSPICIOUS_MOVE = YES;
				CLANG_WARN_UNGUARDED_AVAILABILITY = YES_AGGRESSIVE;
				CLANG_WARN_UNREACHABLE_CODE = YES;
				CLANG_WARN__DUPLICATE_METHOD_MATCH = YES;
				COPY_PHASE_STRIP = NO;
				DEBUG_INFORMATION_FORMAT = dwarf;
				ENABLE_STRICT_OBJC_MSGSEND = YES;
				ENABLE_TESTABILITY = YES;
				GCC_C_LANGUAGE_STANDARD = gnu11;
				GCC_DYNAMIC_NO_PIC = NO;
				GCC_NO_COMMON_BLOCKS = YES;
				GCC_OPTIMIZATION_LEVEL = 0;
				GCC_PREPROCESSOR_DEFINITIONS = (
					"DEBUG=1",
					"$(inherited)",
				);
				GCC_WARN_64_TO_32_BIT_CONVERSION = YES;
				GCC_WARN_ABOUT_RETURN_TYPE = YES_ERROR;
				GCC_WARN_UNDECLARED_SELECTOR = YES;
				GCC_WARN_UNINITIALIZED_AUTOS = YES_AGGRESSIVE;
				GCC_WARN_UNUSED_FUNCTION = YES;
				GCC_WARN_UNUSED_VARIABLE = YES;
				MACOSX_DEPLOYMENT_TARGET = 13.0;
				MTL_ENABLE_DEBUG_INFO = INCLUDE_SOURCE;
				MTL_FAST_MATH = YES;
				ONLY_ACTIVE_ARCH = YES;
				SDKROOT = macosx;
				SWIFT_ACTIVE_COMPILATION_CONDITIONS = DEBUG;
				SWIFT_OPTIMIZATION_LEVEL = "-Onone";
			};
			name = Debug;
		};
		B0D6EB1529152C2600432CB4 /* Release */ = {
			isa = XCBuildConfiguration;
			buildSettings = {
				ALWAYS_SEARCH_USER_PATHS = NO;
				CLANG_ANALYZER_NONNULL = YES;
				CLANG_ANALYZER_NUMBER_OBJECT_CONVERSION = YES_AGGRESSIVE;
				CLANG_CXX_LANGUAGE_STANDARD = "gnu++20";
				CLANG_ENABLE_MODULES = YES;
				CLANG_ENABLE_OBJC_ARC = YES;
				CLANG_ENABLE_OBJC_WEAK = YES;
				CLANG_WARN_BLOCK_CAPTURE_AUTORELEASING = YES;
				CLANG_WARN_BOOL_CONVERSION = YES;
				CLANG_WARN_COMMA = YES;
				CLANG_WARN_CONSTANT_CONVERSION = YES;
				CLANG_WARN_DEPRECATED_OBJC_IMPLEMENTATIONS = YES;
				CLANG_WARN_DIRECT_OBJC_ISA_USAGE = YES_ERROR;
				CLANG_WARN_DOCUMENTATION_COMMENTS = YES;
				CLANG_WARN_EMPTY_BODY = YES;
				CLANG_WARN_ENUM_CONVERSION = YES;
				CLANG_WARN_INFINITE_RECURSION = YES;
				CLANG_WARN_INT_CONVERSION = YES;
				CLANG_WARN_NON_LITERAL_NULL_CONVERSION = YES;
				CLANG_WARN_OBJC_IMPLICIT_RETAIN_SELF = YES;
				CLANG_WARN_OBJC_LITERAL_CONVERSION = YES;
				CLANG_WARN_OBJC_ROOT_CLASS = YES_ERROR;
				CLANG_WARN_QUOTED_INCLUDE_IN_FRAMEWORK_HEADER = YES;
				CLANG_WARN_RANGE_LOOP_ANALYSIS = YES;
				CLANG_WARN_STRICT_PROTOTYPES = YES;
				CLANG_WARN_SUSPICIOUS_MOVE = YES;
				CLANG_WARN_UNGUARDED_AVAILABILITY = YES_AGGRESSIVE;
				CLANG_WARN_UNREACHABLE_CODE = YES;
				CLANG_WARN__DUPLICATE_METHOD_MATCH = YES;
				COPY_PHASE_STRIP = NO;
				DEBUG_INFORMATION_FORMAT = "dwarf-with-dsym";
				ENABLE_NS_ASSERTIONS = NO;
				ENABLE_STRICT_OBJC_MSGSEND = YES;
				GCC_C_LANGUAGE_STANDARD = gnu11;
				GCC_NO_COMMON_BLOCKS = YES;
				GCC_WARN_64_TO_32_BIT_CONVERSION = YES;
				GCC_WARN_ABOUT_RETURN_TYPE = YES_ERROR;
				GCC_WARN_UNDECLARED_SELECTOR = YES;
				GCC_WARN_UNINITIALIZED_AUTOS = YES_AGGRESSIVE;
				GCC_WARN_UNUSED_FUNCTION = YES;
				GCC_WARN_UNUSED_VARIABLE = YES;
				MACOSX_DEPLOYMENT_TARGET = 13.0;
				MTL_ENABLE_DEBUG_INFO = NO;
				MTL_FAST_MATH = YES;
				SDKROOT = macosx;
				SWIFT_COMPILATION_MODE = wholemodule;
				SWIFT_OPTIMIZATION_LEVEL = "-O";
			};
			name = Release;
		};
		B0D6EB1729152C2600432CB4 /* Debug */ = {
			isa = XCBuildConfiguration;
			buildSettings = {
				ASSETCATALOG_COMPILER_APPICON_NAME = AppIcon;
				ASSETCATALOG_COMPILER_GLOBAL_ACCENT_COLOR_NAME = AccentColor;
				CODE_SIGN_ENTITLEMENTS = "Denon Volume/Denon_Volume.entitlements";
				CODE_SIGN_STYLE = Automatic;
				COMBINE_HIDPI_IMAGES = YES;
				CURRENT_PROJECT_VERSION = 1;
				DEVELOPMENT_ASSET_PATHS = "\"Denon Volume/Preview Content\"";
				DEVELOPMENT_TEAM = V7E5P7292M;
				ENABLE_HARDENED_RUNTIME = YES;
				ENABLE_PREVIEWS = YES;
				GENERATE_INFOPLIST_FILE = YES;
				INFOPLIST_KEY_NSHumanReadableCopyright = "";
				LD_RUNPATH_SEARCH_PATHS = (
					"$(inherited)",
					"@executable_path/../Frameworks",
				);
				MARKETING_VERSION = 1.0;
				PRODUCT_BUNDLE_IDENTIFIER = "de.melgu.Denon-Volume";
				PRODUCT_NAME = "$(TARGET_NAME)";
				SWIFT_EMIT_LOC_STRINGS = YES;
				SWIFT_VERSION = 5.0;
			};
			name = Debug;
		};
		B0D6EB1829152C2600432CB4 /* Release */ = {
			isa = XCBuildConfiguration;
			buildSettings = {
				ASSETCATALOG_COMPILER_APPICON_NAME = AppIcon;
				ASSETCATALOG_COMPILER_GLOBAL_ACCENT_COLOR_NAME = AccentColor;
				CODE_SIGN_ENTITLEMENTS = "Denon Volume/Denon_Volume.entitlements";
				CODE_SIGN_STYLE = Automatic;
				COMBINE_HIDPI_IMAGES = YES;
				CURRENT_PROJECT_VERSION = 1;
				DEVELOPMENT_ASSET_PATHS = "\"Denon Volume/Preview Content\"";
				DEVELOPMENT_TEAM = V7E5P7292M;
				ENABLE_HARDENED_RUNTIME = YES;
				ENABLE_PREVIEWS = YES;
				GENERATE_INFOPLIST_FILE = YES;
				INFOPLIST_KEY_NSHumanReadableCopyright = "";
				LD_RUNPATH_SEARCH_PATHS = (
					"$(inherited)",
					"@executable_path/../Frameworks",
				);
				MARKETING_VERSION = 1.0;
				PRODUCT_BUNDLE_IDENTIFIER = "de.melgu.Denon-Volume";
				PRODUCT_NAME = "$(TARGET_NAME)";
				SWIFT_EMIT_LOC_STRINGS = YES;
				SWIFT_VERSION = 5.0;
			};
			name = Release;
		};
/* End XCBuildConfiguration section */

/* Begin XCConfigurationList section */
		B0D6EB0229152C2600432CB4 /* Build configuration list for PBXProject "Denon Volume" */ = {
			isa = XCConfigurationList;
			buildConfigurations = (
				B0D6EB1429152C2600432CB4 /* Debug */,
				B0D6EB1529152C2600432CB4 /* Release */,
			);
			defaultConfigurationIsVisible = 0;
			defaultConfigurationName = Release;
		};
		B0D6EB1629152C2600432CB4 /* Build configuration list for PBXNativeTarget "Denon Volume" */ = {
			isa = XCConfigurationList;
			buildConfigurations = (
				B0D6EB1729152C2600432CB4 /* Debug */,
				B0D6EB1829152C2600432CB4 /* Release */,
			);
			defaultConfigurationIsVisible = 0;
			defaultConfigurationName = Release;
		};
/* End XCConfigurationList section */
	};
	rootObject = B0D6EAFF29152C2600432CB4 /* Project object */;
}
